
Microsoft Visual Studio Solution File, Format Version 12.00
# Visual Studio Version 16
VisualStudioVersion = 16.0.29728.190
MinimumVisualStudioVersion = 10.0.40219.1
Project("{FAE04EC0-301F-11D3-BF4B-00C04F79EFBC}") = "CurencyChange", "CurencyChange.csproj", "{B03D4082-4AA3-4008-91E5-6069CA9B2590}"
EndProject
Global
	GlobalSection(SolutionConfigurationPlatforms) = preSolution
		Debug|Any CPU = Debug|Any CPU
		Release|Any CPU = Release|Any CPU
	EndGlobalSection
	GlobalSection(ProjectConfigurationPlatforms) = postSolution
		{B03D4082-4AA3-4008-91E5-6069CA9B2590}.Debug|Any CPU.ActiveCfg = Debug|Any CPU
		{B03D4082-4AA3-4008-91E5-6069CA9B2590}.Debug|Any CPU.Build.0 = Debug|Any CPU
		{B03D4082-4AA3-4008-91E5-6069CA9B2590}.Release|Any CPU.ActiveCfg = Release|Any CPU
		{B03D4082-4AA3-4008-91E5-6069CA9B2590}.Release|Any CPU.Build.0 = Release|Any CPU
	EndGlobalSection
	GlobalSection(SolutionProperties) = preSolution
		HideSolutionNode = FALSE
	EndGlobalSection
	GlobalSection(ExtensibilityGlobals) = postSolution
		SolutionGuid = {E00CDFB3-6E3E-41B5-A42C-8A300415032C}
	EndGlobalSection
EndGlobal
